// !$*UTF8*$!
{
	archiveVersion = 1;
	classes = {
	};
	objectVersion = 46;
	objects = {

/* Begin PBXBuildFile section */
		4FB9229415EA0F6000A91696 /* UIKit.framework in Frameworks */ = {isa = PBXBuildFile; fileRef = 4FB9229315EA0F6000A91696 /* UIKit.framework */; };
		4FB9229615EA0F6000A91696 /* Foundation.framework in Frameworks */ = {isa = PBXBuildFile; fileRef = 4FB9229515EA0F6000A91696 /* Foundation.framework */; };
		4FB9229815EA0F6000A91696 /* CoreGraphics.framework in Frameworks */ = {isa = PBXBuildFile; fileRef = 4FB9229715EA0F6000A91696 /* CoreGraphics.framework */; };
		4FB9229E15EA0F6000A91696 /* InfoPlist.strings in Resources */ = {isa = PBXBuildFile; fileRef = 4FB9229C15EA0F6000A91696 /* InfoPlist.strings */; };
		4FB922A015EA0F6000A91696 /* main.m in Sources */ = {isa = PBXBuildFile; fileRef = 4FB9229F15EA0F6000A91696 /* main.m */; };
		4FB922A415EA0F6000A91696 /* RPNCalculatorAppDelegate.m in Sources */ = {isa = PBXBuildFile; fileRef = 4FB922A315EA0F6000A91696 /* RPNCalculatorAppDelegate.m */; };
		4FB922A715EA0F6000A91696 /* MainStoryboard_iPhone.storyboard in Resources */ = {isa = PBXBuildFile; fileRef = 4FB922A515EA0F6000A91696 /* MainStoryboard_iPhone.storyboard */; };
		4FB922AA15EA0F6000A91696 /* MainStoryboard_iPad.storyboard in Resources */ = {isa = PBXBuildFile; fileRef = 4FB922A815EA0F6000A91696 /* MainStoryboard_iPad.storyboard */; };
		4FB922AD15EA0F6000A91696 /* RPNCalculatorViewController.m in Sources */ = {isa = PBXBuildFile; fileRef = 4FB922AC15EA0F6000A91696 /* RPNCalculatorViewController.m */; };
		4FB922B515EA139000A91696 /* RPNCalculatorEngine.m in Sources */ = {isa = PBXBuildFile; fileRef = 4FB922B415EA139000A91696 /* RPNCalculatorEngine.m */; };
/* End PBXBuildFile section */

/* Begin PBXFileReference section */
		4FB9228F15EA0F6000A91696 /* RPNCalculator.app */ = {isa = PBXFileReference; explicitFileType = wrapper.application; includeInIndex = 0; path = RPNCalculator.app; sourceTree = BUILT_PRODUCTS_DIR; };
		4FB9229315EA0F6000A91696 /* UIKit.framework */ = {isa = PBXFileReference; lastKnownFileType = wrapper.framework; name = UIKit.framework; path = System/Library/Frameworks/UIKit.framework; sourceTree = SDKROOT; };
		4FB9229515EA0F6000A91696 /* Foundation.framework */ = {isa = PBXFileReference; lastKnownFileType = wrapper.framework; name = Foundation.framework; path = System/Library/Frameworks/Foundation.framework; sourceTree = SDKROOT; };
		4FB9229715EA0F6000A91696 /* CoreGraphics.framework */ = {isa = PBXFileReference; lastKnownFileType = wrapper.framework; name = CoreGraphics.framework; path = System/Library/Frameworks/CoreGraphics.framework; sourceTree = SDKROOT; };
		4FB9229B15EA0F6000A91696 /* RPNCalculator-Info.plist */ = {isa = PBXFileReference; lastKnownFileType = text.plist.xml; path = "RPNCalculator-Info.plist"; sourceTree = "<group>"; };
		4FB9229D15EA0F6000A91696 /* en */ = {isa = PBXFileReference; lastKnownFileType = text.plist.strings; name = en; path = en.lproj/InfoPlist.strings; sourceTree = "<group>"; };
		4FB9229F15EA0F6000A91696 /* main.m */ = {isa = PBXFileReference; lastKnownFileType = sourcecode.c.objc; path = main.m; sourceTree = "<group>"; };
		4FB922A115EA0F6000A91696 /* RPNCalculator-Prefix.pch */ = {isa = PBXFileReference; lastKnownFileType = sourcecode.c.h; path = "RPNCalculator-Prefix.pch"; sourceTree = "<group>"; };
		4FB922A215EA0F6000A91696 /* RPNCalculatorAppDelegate.h */ = {isa = PBXFileReference; lastKnownFileType = sourcecode.c.h; path = RPNCalculatorAppDelegate.h; sourceTree = "<group>"; };
		4FB922A315EA0F6000A91696 /* RPNCalculatorAppDelegate.m */ = {isa = PBXFileReference; lastKnownFileType = sourcecode.c.objc; path = RPNCalculatorAppDelegate.m; sourceTree = "<group>"; };
		4FB922A615EA0F6000A91696 /* en */ = {isa = PBXFileReference; lastKnownFileType = file.storyboard; name = en; path = en.lproj/MainStoryboard_iPhone.storyboard; sourceTree = "<group>"; };
		4FB922A915EA0F6000A91696 /* en */ = {isa = PBXFileReference; lastKnownFileType = file.storyboard; name = en; path = en.lproj/MainStoryboard_iPad.storyboard; sourceTree = "<group>"; };
		4FB922AB15EA0F6000A91696 /* RPNCalculatorViewController.h */ = {isa = PBXFileReference; lastKnownFileType = sourcecode.c.h; path = RPNCalculatorViewController.h; sourceTree = "<group>"; };
		4FB922AC15EA0F6000A91696 /* RPNCalculatorViewController.m */ = {isa = PBXFileReference; lastKnownFileType = sourcecode.c.objc; path = RPNCalculatorViewController.m; sourceTree = "<group>"; };
		4FB922B315EA139000A91696 /* RPNCalculatorEngine.h */ = {isa = PBXFileReference; fileEncoding = 4; lastKnownFileType = sourcecode.c.h; path = RPNCalculatorEngine.h; sourceTree = "<group>"; };
		4FB922B415EA139000A91696 /* RPNCalculatorEngine.m */ = {isa = PBXFileReference; fileEncoding = 4; lastKnownFileType = sourcecode.c.objc; path = RPNCalculatorEngine.m; sourceTree = "<group>"; };
/* End PBXFileReference section */

/* Begin PBXFrameworksBuildPhase section */
		4FB9228C15EA0F6000A91696 /* Frameworks */ = {
			isa = PBXFrameworksBuildPhase;
			buildActionMask = 2147483647;
			files = (
				4FB9229415EA0F6000A91696 /* UIKit.framework in Frameworks */,
				4FB9229615EA0F6000A91696 /* Foundation.framework in Frameworks */,
				4FB9229815EA0F6000A91696 /* CoreGraphics.framework in Frameworks */,
			);
			runOnlyForDeploymentPostprocessing = 0;
		};
/* End PBXFrameworksBuildPhase section */

/* Begin PBXGroup section */
		4FB9228415EA0F5F00A91696 = {
			isa = PBXGroup;
			children = (
				4FB9229915EA0F6000A91696 /* RPNCalculator */,
				4FB9229215EA0F6000A91696 /* Frameworks */,
				4FB9229015EA0F6000A91696 /* Products */,
			);
			sourceTree = "<group>";
		};
		4FB9229015EA0F6000A91696 /* Products */ = {
			isa = PBXGroup;
			children = (
				4FB9228F15EA0F6000A91696 /* RPNCalculator.app */,
			);
			name = Products;
			sourceTree = "<group>";
		};
		4FB9229215EA0F6000A91696 /* Frameworks */ = {
			isa = PBXGroup;
			children = (
				4FB9229315EA0F6000A91696 /* UIKit.framework */,
				4FB9229515EA0F6000A91696 /* Foundation.framework */,
				4FB9229715EA0F6000A91696 /* CoreGraphics.framework */,
			);
			name = Frameworks;
			sourceTree = "<group>";
		};
		4FB9229915EA0F6000A91696 /* RPNCalculator */ = {
			isa = PBXGroup;
			children = (
				4FB922A215EA0F6000A91696 /* RPNCalculatorAppDelegate.h */,
				4FB922A315EA0F6000A91696 /* RPNCalculatorAppDelegate.m */,
				4FB922A515EA0F6000A91696 /* MainStoryboard_iPhone.storyboard */,
				4FB922B315EA139000A91696 /* RPNCalculatorEngine.h */,
				4FB922B415EA139000A91696 /* RPNCalculatorEngine.m */,
				4FB922A815EA0F6000A91696 /* MainStoryboard_iPad.storyboard */,
				4FB922AB15EA0F6000A91696 /* RPNCalculatorViewController.h */,
				4FB922AC15EA0F6000A91696 /* RPNCalculatorViewController.m */,
				4FB9229A15EA0F6000A91696 /* Supporting Files */,
			);
			path = RPNCalculator;
			sourceTree = "<group>";
		};
		4FB9229A15EA0F6000A91696 /* Supporting Files */ = {
			isa = PBXGroup;
			children = (
				4FB9229B15EA0F6000A91696 /* RPNCalculator-Info.plist */,
				4FB9229C15EA0F6000A91696 /* InfoPlist.strings */,
				4FB9229F15EA0F6000A91696 /* main.m */,
				4FB922A115EA0F6000A91696 /* RPNCalculator-Prefix.pch */,
			);
			name = "Supporting Files";
			sourceTree = "<group>";
		};
/* End PBXGroup section */

/* Begin PBXNativeTarget section */
		4FB9228E15EA0F6000A91696 /* RPNCalculator */ = {
			isa = PBXNativeTarget;
			buildConfigurationList = 4FB922B015EA0F6000A91696 /* Build configuration list for PBXNativeTarget "RPNCalculator" */;
			buildPhases = (
				4FB9228B15EA0F6000A91696 /* Sources */,
				4FB9228C15EA0F6000A91696 /* Frameworks */,
				4FB9228D15EA0F6000A91696 /* Resources */,
			);
			buildRules = (
			);
			dependencies = (
			);
			name = RPNCalculator;
			productName = RPNCalculator;
			productReference = 4FB9228F15EA0F6000A91696 /* RPNCalculator.app */;
			productType = "com.apple.product-type.application";
		};
/* End PBXNativeTarget section */

/* Begin PBXProject section */
		4FB9228615EA0F5F00A91696 /* Project object */ = {
			isa = PBXProject;
			attributes = {
				CLASSPREFIX = RPNCalculator;
				LastUpgradeCheck = 0440;
				ORGANIZATIONNAME = "Kyle Maher";
			};
			buildConfigurationList = 4FB9228915EA0F5F00A91696 /* Build configuration list for PBXProject "RPNCalculator" */;
			compatibilityVersion = "Xcode 3.2";
			developmentRegion = English;
			hasScannedForEncodings = 0;
			knownRegions = (
				en,
			);
			mainGroup = 4FB9228415EA0F5F00A91696;
			productRefGroup = 4FB9229015EA0F6000A91696 /* Products */;
			projectDirPath = "";
			projectRoot = "";
			targets = (
				4FB9228E15EA0F6000A91696 /* RPNCalculator */,
			);
		};
/* End PBXProject section */

/* Begin PBXResourcesBuildPhase section */
		4FB9228D15EA0F6000A91696 /* Resources */ = {
			isa = PBXResourcesBuildPhase;
			buildActionMask = 2147483647;
			files = (
				4FB9229E15EA0F6000A91696 /* InfoPlist.strings in Resources */,
				4FB922A715EA0F6000A91696 /* MainStoryboard_iPhone.storyboard in Resources */,
				4FB922AA15EA0F6000A91696 /* MainStoryboard_iPad.storyboard in Resources */,
			);
			runOnlyForDeploymentPostprocessing = 0;
		};
/* End PBXResourcesBuildPhase section */

/* Begin PBXSourcesBuildPhase section */
		4FB9228B15EA0F6000A91696 /* Sources */ = {
			isa = PBXSourcesBuildPhase;
			buildActionMask = 2147483647;
			files = (
				4FB922A015EA0F6000A91696 /* main.m in Sources */,
				4FB922A415EA0F6000A91696 /* RPNCalculatorAppDelegate.m in Sources */,
				4FB922AD15EA0F6000A91696 /* RPNCalculatorViewController.m in Sources */,
				4FB922B515EA139000A91696 /* RPNCalculatorEngine.m in Sources */,
			);
			runOnlyForDeploymentPostprocessing = 0;
		};
/* End PBXSourcesBuildPhase section */

/* Begin PBXVariantGroup section */
		4FB9229C15EA0F6000A91696 /* InfoPlist.strings */ = {
			isa = PBXVariantGroup;
			children = (
				4FB9229D15EA0F6000A91696 /* en */,
			);
			name = InfoPlist.strings;
			sourceTree = "<group>";
		};
		4FB922A515EA0F6000A91696 /* MainStoryboard_iPhone.storyboard */ = {
			isa = PBXVariantGroup;
			children = (
				4FB922A615EA0F6000A91696 /* en */,
			);
			name = MainStoryboard_iPhone.storyboard;
			sourceTree = "<group>";
		};
		4FB922A815EA0F6000A91696 /* MainStoryboard_iPad.storyboard */ = {
			isa = PBXVariantGroup;
			children = (
				4FB922A915EA0F6000A91696 /* en */,
			);
			name = MainStoryboard_iPad.storyboard;
			sourceTree = "<group>";
		};
/* End PBXVariantGroup section */

/* Begin XCBuildConfiguration section */
		4FB922AE15EA0F6000A91696 /* Debug */ = {
			isa = XCBuildConfiguration;
			buildSettings = {
				ALWAYS_SEARCH_USER_PATHS = NO;
				ARCHS = "$(ARCHS_STANDARD_32_BIT)";
				CLANG_CXX_LANGUAGE_STANDARD = "gnu++0x";
				CLANG_ENABLE_OBJC_ARC = YES;
				CLANG_WARN__DUPLICATE_METHOD_MATCH = YES;
				"CODE_SIGN_IDENTITY[sdk=iphoneos*]" = "iPhone Developer";
				COPY_PHASE_STRIP = NO;
				GCC_C_LANGUAGE_STANDARD = gnu99;
				GCC_DYNAMIC_NO_PIC = NO;
				GCC_OPTIMIZATION_LEVEL = 0;
				GCC_PREPROCESSOR_DEFINITIONS = (
					"DEBUG=1",
					"$(inherited)",
				);
				GCC_SYMBOLS_PRIVATE_EXTERN = NO;
				GCC_VERSION = com.apple.compilers.llvm.clang.1_0;
				GCC_WARN_ABOUT_RETURN_TYPE = YES;
				GCC_WARN_UNINITIALIZED_AUTOS = YES;
				GCC_WARN_UNUSED_VARIABLE = YES;
				IPHONEOS_DEPLOYMENT_TARGET = 5.1;
				SDKROOT = iphoneos;
				TARGETED_DEVICE_FAMILY = "1,2";
			};
			name = Debug;
		};
		4FB922AF15EA0F6000A91696 /* Release */ = {
			isa = XCBuildConfiguration;
			buildSettings = {
				ALWAYS_SEARCH_USER_PATHS = NO;
				ARCHS = "$(ARCHS_STANDARD_32_BIT)";
				CLANG_CXX_LANGUAGE_STANDARD = "gnu++0x";
				CLANG_ENABLE_OBJC_ARC = YES;
				CLANG_WARN__DUPLICATE_METHOD_MATCH = YES;
				"CODE_SIGN_IDENTITY[sdk=iphoneos*]" = "iPhone Developer";
				COPY_PHASE_STRIP = YES;
				GCC_C_LANGUAGE_STANDARD = gnu99;
				GCC_VERSION = com.apple.compilers.llvm.clang.1_0;
				GCC_WARN_ABOUT_RETURN_TYPE = YES;
				GCC_WARN_UNINITIALIZED_AUTOS = YES;
				GCC_WARN_UNUSED_VARIABLE = YES;
				IPHONEOS_DEPLOYMENT_TARGET = 5.1;
				OTHER_CFLAGS = "-DNS_BLOCK_ASSERTIONS=1";
				SDKROOT = iphoneos;
				TARGETED_DEVICE_FAMILY = "1,2";
				VALIDATE_PRODUCT = YES;
			};
			name = Release;
		};
		4FB922B115EA0F6000A91696 /* Debug */ = {
			isa = XCBuildConfiguration;
			buildSettings = {
				GCC_PRECOMPILE_PREFIX_HEADER = YES;
				GCC_PREFIX_HEADER = "RPNCalculator/RPNCalculator-Prefix.pch";
				INFOPLIST_FILE = "RPNCalculator/RPNCalculator-Info.plist";
				PRODUCT_NAME = "$(TARGET_NAME)";
				WRAPPER_EXTENSION = app;
			};
			name = Debug;
		};
		4FB922B215EA0F6000A91696 /* Release */ = {
			isa = XCBuildConfiguration;
			buildSettings = {
				GCC_PRECOMPILE_PREFIX_HEADER = YES;
				GCC_PREFIX_HEADER = "RPNCalculator/RPNCalculator-Prefix.pch";
				INFOPLIST_FILE = "RPNCalculator/RPNCalculator-Info.plist";
				PRODUCT_NAME = "$(TARGET_NAME)";
				WRAPPER_EXTENSION = app;
			};
			name = Release;
		};
/* End XCBuildConfiguration section */

/* Begin XCConfigurationList section */
		4FB9228915EA0F5F00A91696 /* Build configuration list for PBXProject "RPNCalculator" */ = {
			isa = XCConfigurationList;
			buildConfigurations = (
				4FB922AE15EA0F6000A91696 /* Debug */,
				4FB922AF15EA0F6000A91696 /* Release */,
			);
			defaultConfigurationIsVisible = 0;
			defaultConfigurationName = Release;
		};
		4FB922B015EA0F6000A91696 /* Build configuration list for PBXNativeTarget "RPNCalculator" */ = {
			isa = XCConfigurationList;
			buildConfigurations = (
				4FB922B115EA0F6000A91696 /* Debug */,
				4FB922B215EA0F6000A91696 /* Release */,
			);
			defaultConfigurationIsVisible = 0;
		};
/* End XCConfigurationList section */
	};
	rootObject = 4FB9228615EA0F5F00A91696 /* Project object */;
}
